// !$*UTF8*$!
{
	archiveVersion = 1;
	classes = {
	};
	objectVersion = 55;
	objects = {

/* Begin PBXBuildFile section */
		0D14D8152857B4F700957313 /* AppDelegate.swift in Sources */ = {isa = PBXBuildFile; fileRef = 0D14D8142857B4F700957313 /* AppDelegate.swift */; };
		0D14D8172857B4F700957313 /* SceneDelegate.swift in Sources */ = {isa = PBXBuildFile; fileRef = 0D14D8162857B4F700957313 /* SceneDelegate.swift */; };
		0D14D81C2857B4F700957313 /* Main.storyboard in Resources */ = {isa = PBXBuildFile; fileRef = 0D14D81A2857B4F700957313 /* Main.storyboard */; };
		0D14D81E2857B4F800957313 /* Assets.xcassets in Resources */ = {isa = PBXBuildFile; fileRef = 0D14D81D2857B4F800957313 /* Assets.xcassets */; };
		0D14D8212857B4F800957313 /* LaunchScreen.storyboard in Resources */ = {isa = PBXBuildFile; fileRef = 0D14D81F2857B4F800957313 /* LaunchScreen.storyboard */; };
		0D14D82C2857B4F800957313 /* WeatherAppTests.swift in Sources */ = {isa = PBXBuildFile; fileRef = 0D14D82B2857B4F800957313 /* WeatherAppTests.swift */; };
		0D14D8362857B4F800957313 /* WeatherAppUITests.swift in Sources */ = {isa = PBXBuildFile; fileRef = 0D14D8352857B4F800957313 /* WeatherAppUITests.swift */; };
		0D14D8382857B4F800957313 /* WeatherAppUITestsLaunchTests.swift in Sources */ = {isa = PBXBuildFile; fileRef = 0D14D8372857B4F800957313 /* WeatherAppUITestsLaunchTests.swift */; };
		0D71A2B4285984D900FC9DBE /* DetailsInfoHeader.swift in Sources */ = {isa = PBXBuildFile; fileRef = 0D71A2B3285984D900FC9DBE /* DetailsInfoHeader.swift */; };
		0D82000B2858E998009F2786 /* DetailsInfoCell.swift in Sources */ = {isa = PBXBuildFile; fileRef = 0D82000A2858E998009F2786 /* DetailsInfoCell.swift */; };
		0DB279B0285874DC005923BF /* ServerModel.swift in Sources */ = {isa = PBXBuildFile; fileRef = 0DB279AF285874DC005923BF /* ServerModel.swift */; };
		0DB279B228587544005923BF /* WeatherModel.swift in Sources */ = {isa = PBXBuildFile; fileRef = 0DB279B128587544005923BF /* WeatherModel.swift */; };
		0DB279B6285892D3005923BF /* WeatherCell.swift in Sources */ = {isa = PBXBuildFile; fileRef = 0DB279B5285892D3005923BF /* WeatherCell.swift */; };
		0DB853662859CD430043E4FC /* WeatherHeader.swift in Sources */ = {isa = PBXBuildFile; fileRef = 0DB853652859CD430043E4FC /* WeatherHeader.swift */; };
		0DB853682859D1BF0043E4FC /* ImageModel.swift in Sources */ = {isa = PBXBuildFile; fileRef = 0DB853672859D1BF0043E4FC /* ImageModel.swift */; };
		0DCCFE1C2857B5BA00BA05EF /* MainViewController.swift in Sources */ = {isa = PBXBuildFile; fileRef = 0DCCFE1B2857B5B900BA05EF /* MainViewController.swift */; };
		0DCCFE1E2857B5CD00BA05EF /* DetailsViewController.swift in Sources */ = {isa = PBXBuildFile; fileRef = 0DCCFE1D2857B5CD00BA05EF /* DetailsViewController.swift */; };
/* End PBXBuildFile section */

/* Begin PBXContainerItemProxy section */
		0D14D8282857B4F800957313 /* PBXContainerItemProxy */ = {
			isa = PBXContainerItemProxy;
			containerPortal = 0D14D8092857B4F700957313 /* Project object */;
			proxyType = 1;
			remoteGlobalIDString = 0D14D8102857B4F700957313;
			remoteInfo = WeatherApp;
		};
		0D14D8322857B4F800957313 /* PBXContainerItemProxy */ = {
			isa = PBXContainerItemProxy;
			containerPortal = 0D14D8092857B4F700957313 /* Project object */;
			proxyType = 1;
			remoteGlobalIDString = 0D14D8102857B4F700957313;
			remoteInfo = WeatherApp;
		};
/* End PBXContainerItemProxy section */

/* Begin PBXFileReference section */
		0D14D8112857B4F700957313 /* WeatherApp.app */ = {isa = PBXFileReference; explicitFileType = wrapper.application; includeInIndex = 0; path = WeatherApp.app; sourceTree = BUILT_PRODUCTS_DIR; };
		0D14D8142857B4F700957313 /* AppDelegate.swift */ = {isa = PBXFileReference; lastKnownFileType = sourcecode.swift; path = AppDelegate.swift; sourceTree = "<group>"; };
		0D14D8162857B4F700957313 /* SceneDelegate.swift */ = {isa = PBXFileReference; lastKnownFileType = sourcecode.swift; path = SceneDelegate.swift; sourceTree = "<group>"; };
		0D14D81B2857B4F700957313 /* Base */ = {isa = PBXFileReference; lastKnownFileType = file.storyboard; name = Base; path = Base.lproj/Main.storyboard; sourceTree = "<group>"; };
		0D14D81D2857B4F800957313 /* Assets.xcassets */ = {isa = PBXFileReference; lastKnownFileType = folder.assetcatalog; path = Assets.xcassets; sourceTree = "<group>"; };
		0D14D8202857B4F800957313 /* Base */ = {isa = PBXFileReference; lastKnownFileType = file.storyboard; name = Base; path = Base.lproj/LaunchScreen.storyboard; sourceTree = "<group>"; };
		0D14D8222857B4F800957313 /* Info.plist */ = {isa = PBXFileReference; lastKnownFileType = text.plist.xml; path = Info.plist; sourceTree = "<group>"; };
		0D14D8272857B4F800957313 /* WeatherAppTests.xctest */ = {isa = PBXFileReference; explicitFileType = wrapper.cfbundle; includeInIndex = 0; path = WeatherAppTests.xctest; sourceTree = BUILT_PRODUCTS_DIR; };
		0D14D82B2857B4F800957313 /* WeatherAppTests.swift */ = {isa = PBXFileReference; lastKnownFileType = sourcecode.swift; path = WeatherAppTests.swift; sourceTree = "<group>"; };
		0D14D8312857B4F800957313 /* WeatherAppUITests.xctest */ = {isa = PBXFileReference; explicitFileType = wrapper.cfbundle; includeInIndex = 0; path = WeatherAppUITests.xctest; sourceTree = BUILT_PRODUCTS_DIR; };
		0D14D8352857B4F800957313 /* WeatherAppUITests.swift */ = {isa = PBXFileReference; lastKnownFileType = sourcecode.swift; path = WeatherAppUITests.swift; sourceTree = "<group>"; };
		0D14D8372857B4F800957313 /* WeatherAppUITestsLaunchTests.swift */ = {isa = PBXFileReference; lastKnownFileType = sourcecode.swift; path = WeatherAppUITestsLaunchTests.swift; sourceTree = "<group>"; };
		0D71A2B3285984D900FC9DBE /* DetailsInfoHeader.swift */ = {isa = PBXFileReference; lastKnownFileType = sourcecode.swift; path = DetailsInfoHeader.swift; sourceTree = "<group>"; };
		0D82000A2858E998009F2786 /* DetailsInfoCell.swift */ = {isa = PBXFileReference; lastKnownFileType = sourcecode.swift; path = DetailsInfoCell.swift; sourceTree = "<group>"; };
		0DB279AF285874DC005923BF /* ServerModel.swift */ = {isa = PBXFileReference; lastKnownFileType = sourcecode.swift; path = ServerModel.swift; sourceTree = "<group>"; };
		0DB279B128587544005923BF /* WeatherModel.swift */ = {isa = PBXFileReference; lastKnownFileType = sourcecode.swift; path = WeatherModel.swift; sourceTree = "<group>"; };
		0DB279B5285892D3005923BF /* WeatherCell.swift */ = {isa = PBXFileReference; lastKnownFileType = sourcecode.swift; path = WeatherCell.swift; sourceTree = "<group>"; };
		0DB853652859CD430043E4FC /* WeatherHeader.swift */ = {isa = PBXFileReference; lastKnownFileType = sourcecode.swift; path = WeatherHeader.swift; sourceTree = "<group>"; };
		0DB853672859D1BF0043E4FC /* ImageModel.swift */ = {isa = PBXFileReference; lastKnownFileType = sourcecode.swift; path = ImageModel.swift; sourceTree = "<group>"; };
		0DCCFE1B2857B5B900BA05EF /* MainViewController.swift */ = {isa = PBXFileReference; lastKnownFileType = sourcecode.swift; path = MainViewController.swift; sourceTree = "<group>"; };
		0DCCFE1D2857B5CD00BA05EF /* DetailsViewController.swift */ = {isa = PBXFileReference; lastKnownFileType = sourcecode.swift; path = DetailsViewController.swift; sourceTree = "<group>"; };
/* End PBXFileReference section */

/* Begin PBXFrameworksBuildPhase section */
		0D14D80E2857B4F700957313 /* Frameworks */ = {
			isa = PBXFrameworksBuildPhase;
			buildActionMask = 2147483647;
			files = (
			);
			runOnlyForDeploymentPostprocessing = 0;
		};
		0D14D8242857B4F800957313 /* Frameworks */ = {
			isa = PBXFrameworksBuildPhase;
			buildActionMask = 2147483647;
			files = (
			);
			runOnlyForDeploymentPostprocessing = 0;
		};
		0D14D82E2857B4F800957313 /* Frameworks */ = {
			isa = PBXFrameworksBuildPhase;
			buildActionMask = 2147483647;
			files = (
			);
			runOnlyForDeploymentPostprocessing = 0;
		};
/* End PBXFrameworksBuildPhase section */

/* Begin PBXGroup section */
		0D14D8082857B4F700957313 = {
			isa = PBXGroup;
			children = (
				0D14D8132857B4F700957313 /* WeatherApp */,
				0D14D82A2857B4F800957313 /* WeatherAppTests */,
				0D14D8342857B4F800957313 /* WeatherAppUITests */,
				0D14D8122857B4F700957313 /* Products */,
			);
			sourceTree = "<group>";
		};
		0D14D8122857B4F700957313 /* Products */ = {
			isa = PBXGroup;
			children = (
				0D14D8112857B4F700957313 /* WeatherApp.app */,
				0D14D8272857B4F800957313 /* WeatherAppTests.xctest */,
				0D14D8312857B4F800957313 /* WeatherAppUITests.xctest */,
			);
			name = Products;
			sourceTree = "<group>";
		};
		0D14D8132857B4F700957313 /* WeatherApp */ = {
			isa = PBXGroup;
			children = (
				0D14D8142857B4F700957313 /* AppDelegate.swift */,
				0D14D8162857B4F700957313 /* SceneDelegate.swift */,
				0DCCFE1B2857B5B900BA05EF /* MainViewController.swift */,
				0DB853652859CD430043E4FC /* WeatherHeader.swift */,
				0DB279AF285874DC005923BF /* ServerModel.swift */,
				0DB853672859D1BF0043E4FC /* ImageModel.swift */,
				0DB279B128587544005923BF /* WeatherModel.swift */,
				0DCCFE1D2857B5CD00BA05EF /* DetailsViewController.swift */,
				0D71A2B3285984D900FC9DBE /* DetailsInfoHeader.swift */,
				0D82000A2858E998009F2786 /* DetailsInfoCell.swift */,
				0DB279B5285892D3005923BF /* WeatherCell.swift */,
				0D14D81A2857B4F700957313 /* Main.storyboard */,
				0D14D81D2857B4F800957313 /* Assets.xcassets */,
				0D14D81F2857B4F800957313 /* LaunchScreen.storyboard */,
				0D14D8222857B4F800957313 /* Info.plist */,
			);
			path = WeatherApp;
			sourceTree = "<group>";
		};
		0D14D82A2857B4F800957313 /* WeatherAppTests */ = {
			isa = PBXGroup;
			children = (
				0D14D82B2857B4F800957313 /* WeatherAppTests.swift */,
			);
			path = WeatherAppTests;
			sourceTree = "<group>";
		};
		0D14D8342857B4F800957313 /* WeatherAppUITests */ = {
			isa = PBXGroup;
			children = (
				0D14D8352857B4F800957313 /* WeatherAppUITests.swift */,
				0D14D8372857B4F800957313 /* WeatherAppUITestsLaunchTests.swift */,
			);
			path = WeatherAppUITests;
			sourceTree = "<group>";
		};
/* End PBXGroup section */

/* Begin PBXNativeTarget section */
		0D14D8102857B4F700957313 /* WeatherApp */ = {
			isa = PBXNativeTarget;
			buildConfigurationList = 0D14D83B2857B4F800957313 /* Build configuration list for PBXNativeTarget "WeatherApp" */;
			buildPhases = (
				0D14D80D2857B4F700957313 /* Sources */,
				0D14D80E2857B4F700957313 /* Frameworks */,
				0D14D80F2857B4F700957313 /* Resources */,
			);
			buildRules = (
			);
			dependencies = (
			);
			name = WeatherApp;
			productName = WeatherApp;
			productReference = 0D14D8112857B4F700957313 /* WeatherApp.app */;
			productType = "com.apple.product-type.application";
		};
		0D14D8262857B4F800957313 /* WeatherAppTests */ = {
			isa = PBXNativeTarget;
			buildConfigurationList = 0D14D83E2857B4F800957313 /* Build configuration list for PBXNativeTarget "WeatherAppTests" */;
			buildPhases = (
				0D14D8232857B4F800957313 /* Sources */,
				0D14D8242857B4F800957313 /* Frameworks */,
				0D14D8252857B4F800957313 /* Resources */,
			);
			buildRules = (
			);
			dependencies = (
				0D14D8292857B4F800957313 /* PBXTargetDependency */,
			);
			name = WeatherAppTests;
			productName = WeatherAppTests;
			productReference = 0D14D8272857B4F800957313 /* WeatherAppTests.xctest */;
			productType = "com.apple.product-type.bundle.unit-test";
		};
		0D14D8302857B4F800957313 /* WeatherAppUITests */ = {
			isa = PBXNativeTarget;
			buildConfigurationList = 0D14D8412857B4F800957313 /* Build configuration list for PBXNativeTarget "WeatherAppUITests" */;
			buildPhases = (
				0D14D82D2857B4F800957313 /* Sources */,
				0D14D82E2857B4F800957313 /* Frameworks */,
				0D14D82F2857B4F800957313 /* Resources */,
			);
			buildRules = (
			);
			dependencies = (
				0D14D8332857B4F800957313 /* PBXTargetDependency */,
			);
			name = WeatherAppUITests;
			productName = WeatherAppUITests;
			productReference = 0D14D8312857B4F800957313 /* WeatherAppUITests.xctest */;
			productType = "com.apple.product-type.bundle.ui-testing";
		};
/* End PBXNativeTarget section */

/* Begin PBXProject section */
		0D14D8092857B4F700957313 /* Project object */ = {
			isa = PBXProject;
			attributes = {
				BuildIndependentTargetsInParallel = 1;
				LastSwiftUpdateCheck = 1330;
				LastUpgradeCheck = 1330;
				TargetAttributes = {
					0D14D8102857B4F700957313 = {
						CreatedOnToolsVersion = 13.3.1;
					};
					0D14D8262857B4F800957313 = {
						CreatedOnToolsVersion = 13.3.1;
						TestTargetID = 0D14D8102857B4F700957313;
					};
					0D14D8302857B4F800957313 = {
						CreatedOnToolsVersion = 13.3.1;
						TestTargetID = 0D14D8102857B4F700957313;
					};
				};
			};
			buildConfigurationList = 0D14D80C2857B4F700957313 /* Build configuration list for PBXProject "WeatherApp" */;
			compatibilityVersion = "Xcode 13.0";
			developmentRegion = en;
			hasScannedForEncodings = 0;
			knownRegions = (
				en,
				Base,
			);
			mainGroup = 0D14D8082857B4F700957313;
			productRefGroup = 0D14D8122857B4F700957313 /* Products */;
			projectDirPath = "";
			projectRoot = "";
			targets = (
				0D14D8102857B4F700957313 /* WeatherApp */,
				0D14D8262857B4F800957313 /* WeatherAppTests */,
				0D14D8302857B4F800957313 /* WeatherAppUITests */,
			);
		};
/* End PBXProject section */

/* Begin PBXResourcesBuildPhase section */
		0D14D80F2857B4F700957313 /* Resources */ = {
			isa = PBXResourcesBuildPhase;
			buildActionMask = 2147483647;
			files = (
				0D14D8212857B4F800957313 /* LaunchScreen.storyboard in Resources */,
				0D14D81E2857B4F800957313 /* Assets.xcassets in Resources */,
				0D14D81C2857B4F700957313 /* Main.storyboard in Resources */,
			);
			runOnlyForDeploymentPostprocessing = 0;
		};
		0D14D8252857B4F800957313 /* Resources */ = {
			isa = PBXResourcesBuildPhase;
			buildActionMask = 2147483647;
			files = (
			);
			runOnlyForDeploymentPostprocessing = 0;
		};
		0D14D82F2857B4F800957313 /* Resources */ = {
			isa = PBXResourcesBuildPhase;
			buildActionMask = 2147483647;
			files = (
			);
			runOnlyForDeploymentPostprocessing = 0;
		};
/* End PBXResourcesBuildPhase section */

/* Begin PBXSourcesBuildPhase section */
		0D14D80D2857B4F700957313 /* Sources */ = {
			isa = PBXSourcesBuildPhase;
			buildActionMask = 2147483647;
			files = (
				0DB853682859D1BF0043E4FC /* ImageModel.swift in Sources */,
				0D14D8152857B4F700957313 /* AppDelegate.swift in Sources */,
				0D14D8172857B4F700957313 /* SceneDelegate.swift in Sources */,
				0D82000B2858E998009F2786 /* DetailsInfoCell.swift in Sources */,
				0DB279B0285874DC005923BF /* ServerModel.swift in Sources */,
				0DCCFE1C2857B5BA00BA05EF /* MainViewController.swift in Sources */,
				0DB853662859CD430043E4FC /* WeatherHeader.swift in Sources */,
				0DB279B228587544005923BF /* WeatherModel.swift in Sources */,
				0DCCFE1E2857B5CD00BA05EF /* DetailsViewController.swift in Sources */,
				0DB279B6285892D3005923BF /* WeatherCell.swift in Sources */,
				0D71A2B4285984D900FC9DBE /* DetailsInfoHeader.swift in Sources */,
			);
			runOnlyForDeploymentPostprocessing = 0;
		};
		0D14D8232857B4F800957313 /* Sources */ = {
			isa = PBXSourcesBuildPhase;
			buildActionMask = 2147483647;
			files = (
				0D14D82C2857B4F800957313 /* WeatherAppTests.swift in Sources */,
			);
			runOnlyForDeploymentPostprocessing = 0;
		};
		0D14D82D2857B4F800957313 /* Sources */ = {
			isa = PBXSourcesBuildPhase;
			buildActionMask = 2147483647;
			files = (
				0D14D8362857B4F800957313 /* WeatherAppUITests.swift in Sources */,
				0D14D8382857B4F800957313 /* WeatherAppUITestsLaunchTests.swift in Sources */,
			);
			runOnlyForDeploymentPostprocessing = 0;
		};
/* End PBXSourcesBuildPhase section */

/* Begin PBXTargetDependency section */
		0D14D8292857B4F800957313 /* PBXTargetDependency */ = {
			isa = PBXTargetDependency;
			target = 0D14D8102857B4F700957313 /* WeatherApp */;
			targetProxy = 0D14D8282857B4F800957313 /* PBXContainerItemProxy */;
		};
		0D14D8332857B4F800957313 /* PBXTargetDependency */ = {
			isa = PBXTargetDependency;
			target = 0D14D8102857B4F700957313 /* WeatherApp */;
			targetProxy = 0D14D8322857B4F800957313 /* PBXContainerItemProxy */;
		};
/* End PBXTargetDependency section */

/* Begin PBXVariantGroup section */
		0D14D81A2857B4F700957313 /* Main.storyboard */ = {
			isa = PBXVariantGroup;
			children = (
				0D14D81B2857B4F700957313 /* Base */,
			);
			name = Main.storyboard;
			sourceTree = "<group>";
		};
		0D14D81F2857B4F800957313 /* LaunchScreen.storyboard */ = {
			isa = PBXVariantGroup;
			children = (
				0D14D8202857B4F800957313 /* Base */,
			);
			name = LaunchScreen.storyboard;
			sourceTree = "<group>";
		};
/* End PBXVariantGroup section */

/* Begin XCBuildConfiguration section */
		0D14D8392857B4F800957313 /* Debug */ = {
			isa = XCBuildConfiguration;
			buildSettings = {
				ALWAYS_SEARCH_USER_PATHS = NO;
				CLANG_ANALYZER_NONNULL = YES;
				CLANG_ANALYZER_NUMBER_OBJECT_CONVERSION = YES_AGGRESSIVE;
				CLANG_CXX_LANGUAGE_STANDARD = "gnu++17";
				CLANG_ENABLE_MODULES = YES;
				CLANG_ENABLE_OBJC_ARC = YES;
				CLANG_ENABLE_OBJC_WEAK = YES;
				CLANG_WARN_BLOCK_CAPTURE_AUTORELEASING = YES;
				CLANG_WARN_BOOL_CONVERSION = YES;
				CLANG_WARN_COMMA = YES;
				CLANG_WARN_CONSTANT_CONVERSION = YES;
				CLANG_WARN_DEPRECATED_OBJC_IMPLEMENTATIONS = YES;
				CLANG_WARN_DIRECT_OBJC_ISA_USAGE = YES_ERROR;
				CLANG_WARN_DOCUMENTATION_COMMENTS = YES;
				CLANG_WARN_EMPTY_BODY = YES;
				CLANG_WARN_ENUM_CONVERSION = YES;
				CLANG_WARN_INFINITE_RECURSION = YES;
				CLANG_WARN_INT_CONVERSION = YES;
				CLANG_WARN_NON_LITERAL_NULL_CONVERSION = YES;
				CLANG_WARN_OBJC_IMPLICIT_RETAIN_SELF = YES;
				CLANG_WARN_OBJC_LITERAL_CONVERSION = YES;
				CLANG_WARN_OBJC_ROOT_CLASS = YES_ERROR;
				CLANG_WARN_QUOTED_INCLUDE_IN_FRAMEWORK_HEADER = YES;
				CLANG_WARN_RANGE_LOOP_ANALYSIS = YES;
				CLANG_WARN_STRICT_PROTOTYPES = YES;
				CLANG_WARN_SUSPICIOUS_MOVE = YES;
				CLANG_WARN_UNGUARDED_AVAILABILITY = YES_AGGRESSIVE;
				CLANG_WARN_UNREACHABLE_CODE = YES;
				CLANG_WARN__DUPLICATE_METHOD_MATCH = YES;
				COPY_PHASE_STRIP = NO;
				DEBUG_INFORMATION_FORMAT = dwarf;
				ENABLE_STRICT_OBJC_MSGSEND = YES;
				ENABLE_TESTABILITY = YES;
				GCC_C_LANGUAGE_STANDARD = gnu11;
				GCC_DYNAMIC_NO_PIC = NO;
				GCC_NO_COMMON_BLOCKS = YES;
				GCC_OPTIMIZATION_LEVEL = 0;
				GCC_PREPROCESSOR_DEFINITIONS = (
					"DEBUG=1",
					"$(inherited)",
				);
				GCC_WARN_64_TO_32_BIT_CONVERSION = YES;
				GCC_WARN_ABOUT_RETURN_TYPE = YES_ERROR;
				GCC_WARN_UNDECLARED_SELECTOR = YES;
				GCC_WARN_UNINITIALIZED_AUTOS = YES_AGGRESSIVE;
				GCC_WARN_UNUSED_FUNCTION = YES;
				GCC_WARN_UNUSED_VARIABLE = YES;
				IPHONEOS_DEPLOYMENT_TARGET = 15.4;
				MTL_ENABLE_DEBUG_INFO = INCLUDE_SOURCE;
				MTL_FAST_MATH = YES;
				ONLY_ACTIVE_ARCH = YES;
				SDKROOT = iphoneos;
				SWIFT_ACTIVE_COMPILATION_CONDITIONS = DEBUG;
				SWIFT_OPTIMIZATION_LEVEL = "-Onone";
			};
			name = Debug;
		};
		0D14D83A2857B4F800957313 /* Release */ = {
			isa = XCBuildConfiguration;
			buildSettings = {
				ALWAYS_SEARCH_USER_PATHS = NO;
				CLANG_ANALYZER_NONNULL = YES;
				CLANG_ANALYZER_NUMBER_OBJECT_CONVERSION = YES_AGGRESSIVE;
				CLANG_CXX_LANGUAGE_STANDARD = "gnu++17";
				CLANG_ENABLE_MODULES = YES;
				CLANG_ENABLE_OBJC_ARC = YES;
				CLANG_ENABLE_OBJC_WEAK = YES;
				CLANG_WARN_BLOCK_CAPTURE_AUTORELEASING = YES;
				CLANG_WARN_BOOL_CONVERSION = YES;
				CLANG_WARN_COMMA = YES;
				CLANG_WARN_CONSTANT_CONVERSION = YES;
				CLANG_WARN_DEPRECATED_OBJC_IMPLEMENTATIONS = YES;
				CLANG_WARN_DIRECT_OBJC_ISA_USAGE = YES_ERROR;
				CLANG_WARN_DOCUMENTATION_COMMENTS = YES;
				CLANG_WARN_EMPTY_BODY = YES;
				CLANG_WARN_ENUM_CONVERSION = YES;
				CLANG_WARN_INFINITE_RECURSION = YES;
				CLANG_WARN_INT_CONVERSION = YES;
				CLANG_WARN_NON_LITERAL_NULL_CONVERSION = YES;
				CLANG_WARN_OBJC_IMPLICIT_RETAIN_SELF = YES;
				CLANG_WARN_OBJC_LITERAL_CONVERSION = YES;
				CLANG_WARN_OBJC_ROOT_CLASS = YES_ERROR;
				CLANG_WARN_QUOTED_INCLUDE_IN_FRAMEWORK_HEADER = YES;
				CLANG_WARN_RANGE_LOOP_ANALYSIS = YES;
				CLANG_WARN_STRICT_PROTOTYPES = YES;
				CLANG_WARN_SUSPICIOUS_MOVE = YES;
				CLANG_WARN_UNGUARDED_AVAILABILITY = YES_AGGRESSIVE;
				CLANG_WARN_UNREACHABLE_CODE = YES;
				CLANG_WARN__DUPLICATE_METHOD_MATCH = YES;
				COPY_PHASE_STRIP = NO;
				DEBUG_INFORMATION_FORMAT = "dwarf-with-dsym";
				ENABLE_NS_ASSERTIONS = NO;
				ENABLE_STRICT_OBJC_MSGSEND = YES;
				GCC_C_LANGUAGE_STANDARD = gnu11;
				GCC_NO_COMMON_BLOCKS = YES;
				GCC_WARN_64_TO_32_BIT_CONVERSION = YES;
				GCC_WARN_ABOUT_RETURN_TYPE = YES_ERROR;
				GCC_WARN_UNDECLARED_SELECTOR = YES;
				GCC_WARN_UNINITIALIZED_AUTOS = YES_AGGRESSIVE;
				GCC_WARN_UNUSED_FUNCTION = YES;
				GCC_WARN_UNUSED_VARIABLE = YES;
				IPHONEOS_DEPLOYMENT_TARGET = 15.4;
				MTL_ENABLE_DEBUG_INFO = NO;
				MTL_FAST_MATH = YES;
				SDKROOT = iphoneos;
				SWIFT_COMPILATION_MODE = wholemodule;
				SWIFT_OPTIMIZATION_LEVEL = "-O";
				VALIDATE_PRODUCT = YES;
			};
			name = Release;
		};
		0D14D83C2857B4F800957313 /* Debug */ = {
			isa = XCBuildConfiguration;
			buildSettings = {
				ASSETCATALOG_COMPILER_APPICON_NAME = AppIcon;
				ASSETCATALOG_COMPILER_GLOBAL_ACCENT_COLOR_NAME = AccentColor;
				CODE_SIGN_STYLE = Automatic;
				CURRENT_PROJECT_VERSION = 1;
				DEVELOPMENT_TEAM = 4G6ZD4247R;
				GENERATE_INFOPLIST_FILE = YES;
				INFOPLIST_FILE = WeatherApp/Info.plist;
				INFOPLIST_KEY_UIApplicationSupportsIndirectInputEvents = YES;
				INFOPLIST_KEY_UILaunchStoryboardName = LaunchScreen;
				INFOPLIST_KEY_UIMainStoryboardFile = Main;
				INFOPLIST_KEY_UISupportedInterfaceOrientations_iPad = "UIInterfaceOrientationPortrait UIInterfaceOrientationPortraitUpsideDown UIInterfaceOrientationLandscapeLeft UIInterfaceOrientationLandscapeRight";
				INFOPLIST_KEY_UISupportedInterfaceOrientations_iPhone = "UIInterfaceOrientationPortrait UIInterfaceOrientationLandscapeLeft UIInterfaceOrientationLandscapeRight";
				LD_RUNPATH_SEARCH_PATHS = (
					"$(inherited)",
					"@executable_path/Frameworks",
				);
				MARKETING_VERSION = 1.0;
				PRODUCT_BUNDLE_IDENTIFIER = com.trumanfromkorea.WeatherApp;
				PRODUCT_NAME = "$(TARGET_NAME)";
				SWIFT_EMIT_LOC_STRINGS = YES;
				SWIFT_VERSION = 5.0;
				TARGETED_DEVICE_FAMILY = "1,2";
			};
			name = Debug;
		};
		0D14D83D2857B4F800957313 /* Release */ = {
			isa = XCBuildConfiguration;
			buildSettings = {
				ASSETCATALOG_COMPILER_APPICON_NAME = AppIcon;
				ASSETCATALOG_COMPILER_GLOBAL_ACCENT_COLOR_NAME = AccentColor;
				CODE_SIGN_STYLE = Automatic;
				CURRENT_PROJECT_VERSION = 1;
				DEVELOPMENT_TEAM = 4G6ZD4247R;
				GENERATE_INFOPLIST_FILE = YES;
				INFOPLIST_FILE = WeatherApp/Info.plist;
				INFOPLIST_KEY_UIApplicationSupportsIndirectInputEvents = YES;
				INFOPLIST_KEY_UILaunchStoryboardName = LaunchScreen;
				INFOPLIST_KEY_UIMainStoryboardFile = Main;
				INFOPLIST_KEY_UISupportedInterfaceOrientations_iPad = "UIInterfaceOrientationPortrait UIInterfaceOrientationPortraitUpsideDown UIInterfaceOrientationLandscapeLeft UIInterfaceOrientationLandscapeRight";
				INFOPLIST_KEY_UISupportedInterfaceOrientations_iPhone = "UIInterfaceOrientationPortrait UIInterfaceOrientationLandscapeLeft UIInterfaceOrientationLandscapeRight";
				LD_RUNPATH_SEARCH_PATHS = (
					"$(inherited)",
					"@executable_path/Frameworks",
				);
				MARKETING_VERSION = 1.0;
				PRODUCT_BUNDLE_IDENTIFIER = com.trumanfromkorea.WeatherApp;
				PRODUCT_NAME = "$(TARGET_NAME)";
				SWIFT_EMIT_LOC_STRINGS = YES;
				SWIFT_VERSION = 5.0;
				TARGETED_DEVICE_FAMILY = "1,2";
			};
			name = Release;
		};
		0D14D83F2857B4F800957313 /* Debug */ = {
			isa = XCBuildConfiguration;
			buildSettings = {
				ALWAYS_EMBED_SWIFT_STANDARD_LIBRARIES = YES;
				BUNDLE_LOADER = "$(TEST_HOST)";
				CODE_SIGN_STYLE = Automatic;
				CURRENT_PROJECT_VERSION = 1;
				DEVELOPMENT_TEAM = 4G6ZD4247R;
				GENERATE_INFOPLIST_FILE = YES;
				IPHONEOS_DEPLOYMENT_TARGET = 15.4;
				MARKETING_VERSION = 1.0;
				PRODUCT_BUNDLE_IDENTIFIER = com.trumanfromkorea.WeatherAppTests;
				PRODUCT_NAME = "$(TARGET_NAME)";
				SWIFT_EMIT_LOC_STRINGS = NO;
				SWIFT_VERSION = 5.0;
				TARGETED_DEVICE_FAMILY = "1,2";
				TEST_HOST = "$(BUILT_PRODUCTS_DIR)/WeatherApp.app/WeatherApp";
			};
			name = Debug;
		};
		0D14D8402857B4F800957313 /* Release */ = {
			isa = XCBuildConfiguration;
			buildSettings = {
				ALWAYS_EMBED_SWIFT_STANDARD_LIBRARIES = YES;
				BUNDLE_LOADER = "$(TEST_HOST)";
				CODE_SIGN_STYLE = Automatic;
				CURRENT_PROJECT_VERSION = 1;
				DEVELOPMENT_TEAM = 4G6ZD4247R;
				GENERATE_INFOPLIST_FILE = YES;
				IPHONEOS_DEPLOYMENT_TARGET = 15.4;
				MARKETING_VERSION = 1.0;
				PRODUCT_BUNDLE_IDENTIFIER = com.trumanfromkorea.WeatherAppTests;
				PRODUCT_NAME = "$(TARGET_NAME)";
				SWIFT_EMIT_LOC_STRINGS = NO;
				SWIFT_VERSION = 5.0;
				TARGETED_DEVICE_FAMILY = "1,2";
				TEST_HOST = "$(BUILT_PRODUCTS_DIR)/WeatherApp.app/WeatherApp";
			};
			name = Release;
		};
		0D14D8422857B4F800957313 /* Debug */ = {
			isa = XCBuildConfiguration;
			buildSettings = {
				ALWAYS_EMBED_SWIFT_STANDARD_LIBRARIES = YES;
				CODE_SIGN_STYLE = Automatic;
				CURRENT_PROJECT_VERSION = 1;
				DEVELOPMENT_TEAM = 4G6ZD4247R;
				GENERATE_INFOPLIST_FILE = YES;
				MARKETING_VERSION = 1.0;
				PRODUCT_BUNDLE_IDENTIFIER = com.trumanfromkorea.WeatherAppUITests;
				PRODUCT_NAME = "$(TARGET_NAME)";
				SWIFT_EMIT_LOC_STRINGS = NO;
				SWIFT_VERSION = 5.0;
				TARGETED_DEVICE_FAMILY = "1,2";
				TEST_TARGET_NAME = WeatherApp;
			};
			name = Debug;
		};
		0D14D8432857B4F800957313 /* Release */ = {
			isa = XCBuildConfiguration;
			buildSettings = {
				ALWAYS_EMBED_SWIFT_STANDARD_LIBRARIES = YES;
				CODE_SIGN_STYLE = Automatic;
				CURRENT_PROJECT_VERSION = 1;
				DEVELOPMENT_TEAM = 4G6ZD4247R;
				GENERATE_INFOPLIST_FILE = YES;
				MARKETING_VERSION = 1.0;
				PRODUCT_BUNDLE_IDENTIFIER = com.trumanfromkorea.WeatherAppUITests;
				PRODUCT_NAME = "$(TARGET_NAME)";
				SWIFT_EMIT_LOC_STRINGS = NO;
				SWIFT_VERSION = 5.0;
				TARGETED_DEVICE_FAMILY = "1,2";
				TEST_TARGET_NAME = WeatherApp;
			};
			name = Release;
		};
/* End XCBuildConfiguration section */

/* Begin XCConfigurationList section */
		0D14D80C2857B4F700957313 /* Build configuration list for PBXProject "WeatherApp" */ = {
			isa = XCConfigurationList;
			buildConfigurations = (
				0D14D8392857B4F800957313 /* Debug */,
				0D14D83A2857B4F800957313 /* Release */,
			);
			defaultConfigurationIsVisible = 0;
			defaultConfigurationName = Release;
		};
		0D14D83B2857B4F800957313 /* Build configuration list for PBXNativeTarget "WeatherApp" */ = {
			isa = XCConfigurationList;
			buildConfigurations = (
				0D14D83C2857B4F800957313 /* Debug */,
				0D14D83D2857B4F800957313 /* Release */,
			);
			defaultConfigurationIsVisible = 0;
			defaultConfigurationName = Release;
		};
		0D14D83E2857B4F800957313 /* Build configuration list for PBXNativeTarget "WeatherAppTests" */ = {
			isa = XCConfigurationList;
			buildConfigurations = (
				0D14D83F2857B4F800957313 /* Debug */,
				0D14D8402857B4F800957313 /* Release */,
			);
			defaultConfigurationIsVisible = 0;
			defaultConfigurationName = Release;
		};
		0D14D8412857B4F800957313 /* Build configuration list for PBXNativeTarget "WeatherAppUITests" */ = {
			isa = XCConfigurationList;
			buildConfigurations = (
				0D14D8422857B4F800957313 /* Debug */,
				0D14D8432857B4F800957313 /* Release */,
			);
			defaultConfigurationIsVisible = 0;
			defaultConfigurationName = Release;
		};
/* End XCConfigurationList section */
	};
	rootObject = 0D14D8092857B4F700957313 /* Project object */;
}
